
Microsoft Visual Studio Solution File, Format Version 12.00
# Visual Studio Version 16
VisualStudioVersion = 16.0.30804.86
MinimumVisualStudioVersion = 10.0.40219.1
Project("{9A19103F-16F7-4668-BE54-9A1E7A4F7556}") = "API_r", "API_r\API_r.csproj", "{2C41E2E5-F092-44D4-A8ED-E0FB613811E6}"
EndProject
Project("{E53339B2-1760-4266-BCC7-CA923CBCF16C}") = "docker-compose", "docker-compose.dcproj", "{458B606F-5FE9-49BC-B1F1-EFA6887AEE39}"
EndProject
Global
	GlobalSection(SolutionConfigurationPlatforms) = preSolution
		Debug|Any CPU = Debug|Any CPU
		Release|Any CPU = Release|Any CPU
	EndGlobalSection
	GlobalSection(ProjectConfigurationPlatforms) = postSolution
		{2C41E2E5-F092-44D4-A8ED-E0FB613811E6}.Debug|Any CPU.ActiveCfg = Debug|Any CPU
		{2C41E2E5-F092-44D4-A8ED-E0FB613811E6}.Debug|Any CPU.Build.0 = Debug|Any CPU
		{2C41E2E5-F092-44D4-A8ED-E0FB613811E6}.Release|Any CPU.ActiveCfg = Release|Any CPU
		{2C41E2E5-F092-44D4-A8ED-E0FB613811E6}.Release|Any CPU.Build.0 = Release|Any CPU
		{458B606F-5FE9-49BC-B1F1-EFA6887AEE39}.Debug|Any CPU.ActiveCfg = Debug|Any CPU
		{458B606F-5FE9-49BC-B1F1-EFA6887AEE39}.Debug|Any CPU.Build.0 = Debug|Any CPU
		{458B606F-5FE9-49BC-B1F1-EFA6887AEE39}.Release|Any CPU.ActiveCfg = Release|Any CPU
		{458B606F-5FE9-49BC-B1F1-EFA6887AEE39}.Release|Any CPU.Build.0 = Release|Any CPU
	EndGlobalSection
	GlobalSection(SolutionProperties) = preSolution
		HideSolutionNode = FALSE
	EndGlobalSection
	GlobalSection(ExtensibilityGlobals) = postSolution
		SolutionGuid = {027B248E-23F8-455A-8286-42D19629CBC4}
	EndGlobalSection
EndGlobal
